filippo.io/edwards25519 v1.1.0 h1:FNf4tywRC1HmFuKW5xopWpigGjJKiJSV0Cqo0cJWDaA=
filippo.io/edwards25519 v1.1.0/go.mod h1:BxyFTGdWcka3PhytdK4V28tE5sGfRvvvRV7EaN4VDT4=
github.com/go-sql-driver/mysql v1.8.1 h1:LedoTUt/eveggdHS9qUFC1EFSa8bU2+1pZjSRpvNJ1Y=
github.com/go-sql-driver/mysql v1.8.1/go.mod h1:wEBSXgmK//2ZFJyE+qWnIsVGmvmEKlqwuVSjsCm7DZg=
github.com/joho/godotenv v1.5.1 h1:7eLL/+HRGLY0ldzfGMeQkb7vMd0as4CfYvUVzLqw0N0=
github.com/joho/godotenv v1.5.1/go.mod h1:f4LDr5Voq0i2e/R5DDNOoa2zzDfwtkZa6DnEwAbqwq4=
github.com/lamgiahung112/express-go v0.1.6 h1:AAo52y4wYvJCmxhEhrz2Y/x5+UjfiyBhXnrQHHyfddc=
github.com/lamgiahung112/express-go v0.1.6/go.mod h1:OwxinI+zmBT+AiAIALW/q5SDbebqOeANcxnBOpCGcs8=
github.com/lamgiahung112/express-go v0.1.7 h1:e4mMZGlfjUNKF9SYrBweSSfEWOCg/R74nbw1v8LDBhs=
github.com/lamgiahung112/express-go v0.1.7/go.mod h1:OwxinI+zmBT+AiAIALW/q5SDbebqOeANcxnBOpCGcs8=
